
Microsoft Visual Studio Solution File, Format Version 12.00
# Visual Studio 15
VisualStudioVersion = 15.0.27130.2024
MinimumVisualStudioVersion = 10.0.40219.1
Project("{FAE04EC0-301F-11D3-BF4B-00C04F79EFBC}") = "rogue-two", "rogue-two.csproj", "{EE406D13-04B8-4E50-8551-9FD58964CB45}"
EndProject
Project("{9A19103F-16F7-4668-BE54-9A1E7A4F7556}") = "XUnitTests", "XUnitTest\XUnitTests.csproj", "{8ED21FF3-DD08-4D3E-9322-35D4A7BB71E9}"
EndProject
Global
	GlobalSection(SolutionConfigurationPlatforms) = preSolution
		Debug|Any CPU = Debug|Any CPU
		Release|Any CPU = Release|Any CPU
	EndGlobalSection
	GlobalSection(ProjectConfigurationPlatforms) = postSolution
		{EE406D13-04B8-4E50-8551-9FD58964CB45}.Debug|Any CPU.ActiveCfg = Debug|Any CPU
		{EE406D13-04B8-4E50-8551-9FD58964CB45}.Debug|Any CPU.Build.0 = Debug|Any CPU
		{EE406D13-04B8-4E50-8551-9FD58964CB45}.Release|Any CPU.ActiveCfg = Release|Any CPU
		{EE406D13-04B8-4E50-8551-9FD58964CB45}.Release|Any CPU.Build.0 = Release|Any CPU
		{8ED21FF3-DD08-4D3E-9322-35D4A7BB71E9}.Debug|Any CPU.ActiveCfg = Debug|Any CPU
		{8ED21FF3-DD08-4D3E-9322-35D4A7BB71E9}.Debug|Any CPU.Build.0 = Debug|Any CPU
		{8ED21FF3-DD08-4D3E-9322-35D4A7BB71E9}.Release|Any CPU.ActiveCfg = Release|Any CPU
		{8ED21FF3-DD08-4D3E-9322-35D4A7BB71E9}.Release|Any CPU.Build.0 = Release|Any CPU
	EndGlobalSection
	GlobalSection(SolutionProperties) = preSolution
		HideSolutionNode = FALSE
	EndGlobalSection
	GlobalSection(ExtensibilityGlobals) = postSolution
		SolutionGuid = {83B26FAE-BD7E-47D4-89CA-710248278111}
	EndGlobalSection
EndGlobal
